
Microsoft Visual Studio Solution File, Format Version 12.00
# Visual Studio Version 16
VisualStudioVersion = 16.0.32228.343
MinimumVisualStudioVersion = 10.0.40219.1
Project("{2150E333-8FDC-42A3-9474-1A3956D46DE8}") = "Sample", "Sample", "{213121EF-88F6-4E63-8A6D-CE3618E5FDA5}"
EndProject
Project("{FAE04EC0-301F-11D3-BF4B-00C04F79EFBC}") = "ConsoleApp0411", "Sample\ConsoleApp0411\ConsoleApp0411.csproj", "{426F2D4E-E28C-458F-A094-5F52EEE6808D}"
EndProject
Project("{FAE04EC0-301F-11D3-BF4B-00C04F79EFBC}") = "BallApp", "Sample\BallApp\BallApp.csproj", "{66A6E030-365D-48FA-8A2F-13063E919D17}"
EndProject
Project("{2150E333-8FDC-42A3-9474-1A3956D46DE8}") = "Chapter01", "Chapter01", "{03407471-C20F-46D2-B384-FA6133612C6B}"
EndProject
Project("{FAE04EC0-301F-11D3-BF4B-00C04F79EFBC}") = "ProductSample", "Chapter01\Product\ProductSample.csproj", "{EC07DD12-664D-4B86-9A80-E6C5812FB325}"
EndProject
Project("{2150E333-8FDC-42A3-9474-1A3956D46DE8}") = "Chapter02", "Chapter02", "{25A545E4-1110-48B3-AC53-59E12B998016}"
EndProject
Project("{FAE04EC0-301F-11D3-BF4B-00C04F79EFBC}") = "DistanceConverter", "Chapter02\距離換算プログラム\DistanceConverter\DistanceConverter.csproj", "{51A6E7D8-1CE9-4910-8E9F-77178611BDB0}"
EndProject
Project("{2150E333-8FDC-42A3-9474-1A3956D46DE8}") = "売上集計プログラム", "売上集計プログラム", "{8E6CA9A3-15E7-4F91-B2F0-19F741188E08}"
EndProject
Project("{FAE04EC0-301F-11D3-BF4B-00C04F79EFBC}") = "SalesCalculator", "Chapter02\売上集計プログラム\SalesCalculator\SalesCalculator.csproj", "{116EAB53-B8E5-4521-A4E0-F66CF7BB37F8}"
EndProject
Project("{2150E333-8FDC-42A3-9474-1A3956D46DE8}") = "演習問題", "演習問題", "{8188436F-93D7-4090-989E-3FFD9B5A8306}"
EndProject
Project("{FAE04EC0-301F-11D3-BF4B-00C04F79EFBC}") = "Exercise01", "Chapter02\演習問題\Exercise01\Exercise01.csproj", "{6056DB58-7351-40C0-A408-D691C047EE00}"
EndProject
Project("{FAE04EC0-301F-11D3-BF4B-00C04F79EFBC}") = "Exercise02", "Chapter02\演習問題\Exercise02\Exercise02.csproj", "{2FF9E311-DCAC-44C3-8C53-C92C228028C9}"
EndProject
Project("{FAE04EC0-301F-11D3-BF4B-00C04F79EFBC}") = "Exercise03", "Chapter02\演習問題\Exercise03\Exercise03\Exercise03.csproj", "{99965E7B-5054-4317-9B24-87EC96F81788}"
EndProject
Project("{2150E333-8FDC-42A3-9474-1A3956D46DE8}") = "Chapter03", "Chapter03", "{37B0D2FE-E751-4D12-A86E-E56E20DBA357}"
EndProject
Project("{FAE04EC0-301F-11D3-BF4B-00C04F79EFBC}") = "Section01", "Chapter03\Section01\Section01.csproj", "{E1EBCA93-E7F3-4B31-BF80-EB6B43E8BCD7}"
EndProject
Project("{2150E333-8FDC-42A3-9474-1A3956D46DE8}") = "YoshuChap03", "YoshuChap03", "{AA10AF18-041A-4548-8506-75FE3EDD5655}"
EndProject
Project("{2150E333-8FDC-42A3-9474-1A3956D46DE8}") = "ラムダ式", "ラムダ式", "{DF83603B-578C-4D78-BBF7-7388474C7AEA}"
EndProject
Project("{FAE04EC0-301F-11D3-BF4B-00C04F79EFBC}") = "Main0522", "YoshuChap03\ラムダ式\Main0522\Main0522.csproj", "{9A0DD8F3-D7D5-4C5F-9488-FFA2AB9F9994}"
EndProject
Project("{FAE04EC0-301F-11D3-BF4B-00C04F79EFBC}") = "Section03", "Section03\Section03.csproj", "{6C737D27-D221-4164-9BE1-54C5C72A910E}"
EndProject
Project("{FAE04EC0-301F-11D3-BF4B-00C04F79EFBC}") = "Section04", "Section04\Section04.csproj", "{ABEAFB6D-932E-4063-A13B-F1CFE08BF91C}"
EndProject
Project("{2150E333-8FDC-42A3-9474-1A3956D46DE8}") = "演習問題", "演習問題", "{F781CA18-89CA-4B03-8C70-7DC12428CECB}"
EndProject
Project("{FAE04EC0-301F-11D3-BF4B-00C04F79EFBC}") = "Exercise01", "Chapter03\演習問題\Exercise01\Exercise01.csproj", "{68180F80-576E-41F8-96A6-68655051C7CD}"
EndProject
Global
	GlobalSection(SolutionConfigurationPlatforms) = preSolution
		Debug|Any CPU = Debug|Any CPU
		Release|Any CPU = Release|Any CPU
	EndGlobalSection
	GlobalSection(ProjectConfigurationPlatforms) = postSolution
		{426F2D4E-E28C-458F-A094-5F52EEE6808D}.Debug|Any CPU.ActiveCfg = Debug|Any CPU
		{426F2D4E-E28C-458F-A094-5F52EEE6808D}.Debug|Any CPU.Build.0 = Debug|Any CPU
		{426F2D4E-E28C-458F-A094-5F52EEE6808D}.Release|Any CPU.ActiveCfg = Release|Any CPU
		{426F2D4E-E28C-458F-A094-5F52EEE6808D}.Release|Any CPU.Build.0 = Release|Any CPU
		{66A6E030-365D-48FA-8A2F-13063E919D17}.Debug|Any CPU.ActiveCfg = Debug|Any CPU
		{66A6E030-365D-48FA-8A2F-13063E919D17}.Debug|Any CPU.Build.0 = Debug|Any CPU
		{66A6E030-365D-48FA-8A2F-13063E919D17}.Release|Any CPU.ActiveCfg = Release|Any CPU
		{66A6E030-365D-48FA-8A2F-13063E919D17}.Release|Any CPU.Build.0 = Release|Any CPU
		{EC07DD12-664D-4B86-9A80-E6C5812FB325}.Debug|Any CPU.ActiveCfg = Debug|Any CPU
		{EC07DD12-664D-4B86-9A80-E6C5812FB325}.Debug|Any CPU.Build.0 = Debug|Any CPU
		{EC07DD12-664D-4B86-9A80-E6C5812FB325}.Release|Any CPU.ActiveCfg = Release|Any CPU
		{EC07DD12-664D-4B86-9A80-E6C5812FB325}.Release|Any CPU.Build.0 = Release|Any CPU
		{51A6E7D8-1CE9-4910-8E9F-77178611BDB0}.Debug|Any CPU.ActiveCfg = Debug|Any CPU
		{51A6E7D8-1CE9-4910-8E9F-77178611BDB0}.Debug|Any CPU.Build.0 = Debug|Any CPU
		{51A6E7D8-1CE9-4910-8E9F-77178611BDB0}.Release|Any CPU.ActiveCfg = Release|Any CPU
		{51A6E7D8-1CE9-4910-8E9F-77178611BDB0}.Release|Any CPU.Build.0 = Release|Any CPU
		{116EAB53-B8E5-4521-A4E0-F66CF7BB37F8}.Debug|Any CPU.ActiveCfg = Debug|Any CPU
		{116EAB53-B8E5-4521-A4E0-F66CF7BB37F8}.Debug|Any CPU.Build.0 = Debug|Any CPU
		{116EAB53-B8E5-4521-A4E0-F66CF7BB37F8}.Release|Any CPU.ActiveCfg = Release|Any CPU
		{116EAB53-B8E5-4521-A4E0-F66CF7BB37F8}.Release|Any CPU.Build.0 = Release|Any CPU
		{6056DB58-7351-40C0-A408-D691C047EE00}.Debug|Any CPU.ActiveCfg = Debug|Any CPU
		{6056DB58-7351-40C0-A408-D691C047EE00}.Debug|Any CPU.Build.0 = Debug|Any CPU
		{6056DB58-7351-40C0-A408-D691C047EE00}.Release|Any CPU.ActiveCfg = Release|Any CPU
		{6056DB58-7351-40C0-A408-D691C047EE00}.Release|Any CPU.Build.0 = Release|Any CPU
		{2FF9E311-DCAC-44C3-8C53-C92C228028C9}.Debug|Any CPU.ActiveCfg = Debug|Any CPU
		{2FF9E311-DCAC-44C3-8C53-C92C228028C9}.Debug|Any CPU.Build.0 = Debug|Any CPU
		{2FF9E311-DCAC-44C3-8C53-C92C228028C9}.Release|Any CPU.ActiveCfg = Release|Any CPU
		{2FF9E311-DCAC-44C3-8C53-C92C228028C9}.Release|Any CPU.Build.0 = Release|Any CPU
		{99965E7B-5054-4317-9B24-87EC96F81788}.Debug|Any CPU.ActiveCfg = Debug|Any CPU
		{99965E7B-5054-4317-9B24-87EC96F81788}.Debug|Any CPU.Build.0 = Debug|Any CPU
		{99965E7B-5054-4317-9B24-87EC96F81788}.Release|Any CPU.ActiveCfg = Release|Any CPU
		{99965E7B-5054-4317-9B24-87EC96F81788}.Release|Any CPU.Build.0 = Release|Any CPU
		{E1EBCA93-E7F3-4B31-BF80-EB6B43E8BCD7}.Debug|Any CPU.ActiveCfg = Debug|Any CPU
		{E1EBCA93-E7F3-4B31-BF80-EB6B43E8BCD7}.Debug|Any CPU.Build.0 = Debug|Any CPU
		{E1EBCA93-E7F3-4B31-BF80-EB6B43E8BCD7}.Release|Any CPU.ActiveCfg = Release|Any CPU
		{E1EBCA93-E7F3-4B31-BF80-EB6B43E8BCD7}.Release|Any CPU.Build.0 = Release|Any CPU
		{9A0DD8F3-D7D5-4C5F-9488-FFA2AB9F9994}.Debug|Any CPU.ActiveCfg = Debug|Any CPU
		{9A0DD8F3-D7D5-4C5F-9488-FFA2AB9F9994}.Debug|Any CPU.Build.0 = Debug|Any CPU
		{9A0DD8F3-D7D5-4C5F-9488-FFA2AB9F9994}.Release|Any CPU.ActiveCfg = Release|Any CPU
		{9A0DD8F3-D7D5-4C5F-9488-FFA2AB9F9994}.Release|Any CPU.Build.0 = Release|Any CPU
		{6C737D27-D221-4164-9BE1-54C5C72A910E}.Debug|Any CPU.ActiveCfg = Debug|Any CPU
		{6C737D27-D221-4164-9BE1-54C5C72A910E}.Debug|Any CPU.Build.0 = Debug|Any CPU
		{6C737D27-D221-4164-9BE1-54C5C72A910E}.Release|Any CPU.ActiveCfg = Release|Any CPU
		{6C737D27-D221-4164-9BE1-54C5C72A910E}.Release|Any CPU.Build.0 = Release|Any CPU
		{ABEAFB6D-932E-4063-A13B-F1CFE08BF91C}.Debug|Any CPU.ActiveCfg = Debug|Any CPU
		{ABEAFB6D-932E-4063-A13B-F1CFE08BF91C}.Debug|Any CPU.Build.0 = Debug|Any CPU
		{ABEAFB6D-932E-4063-A13B-F1CFE08BF91C}.Release|Any CPU.ActiveCfg = Release|Any CPU
		{ABEAFB6D-932E-4063-A13B-F1CFE08BF91C}.Release|Any CPU.Build.0 = Release|Any CPU
		{68180F80-576E-41F8-96A6-68655051C7CD}.Debug|Any CPU.ActiveCfg = Debug|Any CPU
		{68180F80-576E-41F8-96A6-68655051C7CD}.Debug|Any CPU.Build.0 = Debug|Any CPU
		{68180F80-576E-41F8-96A6-68655051C7CD}.Release|Any CPU.ActiveCfg = Release|Any CPU
		{68180F80-576E-41F8-96A6-68655051C7CD}.Release|Any CPU.Build.0 = Release|Any CPU
	EndGlobalSection
	GlobalSection(SolutionProperties) = preSolution
		HideSolutionNode = FALSE
	EndGlobalSection
	GlobalSection(NestedProjects) = preSolution
		{426F2D4E-E28C-458F-A094-5F52EEE6808D} = {213121EF-88F6-4E63-8A6D-CE3618E5FDA5}
		{66A6E030-365D-48FA-8A2F-13063E919D17} = {213121EF-88F6-4E63-8A6D-CE3618E5FDA5}
		{EC07DD12-664D-4B86-9A80-E6C5812FB325} = {03407471-C20F-46D2-B384-FA6133612C6B}
		{51A6E7D8-1CE9-4910-8E9F-77178611BDB0} = {25A545E4-1110-48B3-AC53-59E12B998016}
		{8E6CA9A3-15E7-4F91-B2F0-19F741188E08} = {25A545E4-1110-48B3-AC53-59E12B998016}
		{116EAB53-B8E5-4521-A4E0-F66CF7BB37F8} = {8E6CA9A3-15E7-4F91-B2F0-19F741188E08}
		{8188436F-93D7-4090-989E-3FFD9B5A8306} = {25A545E4-1110-48B3-AC53-59E12B998016}
		{6056DB58-7351-40C0-A408-D691C047EE00} = {8188436F-93D7-4090-989E-3FFD9B5A8306}
		{2FF9E311-DCAC-44C3-8C53-C92C228028C9} = {8188436F-93D7-4090-989E-3FFD9B5A8306}
		{99965E7B-5054-4317-9B24-87EC96F81788} = {8188436F-93D7-4090-989E-3FFD9B5A8306}
		{E1EBCA93-E7F3-4B31-BF80-EB6B43E8BCD7} = {37B0D2FE-E751-4D12-A86E-E56E20DBA357}
		{DF83603B-578C-4D78-BBF7-7388474C7AEA} = {AA10AF18-041A-4548-8506-75FE3EDD5655}
		{9A0DD8F3-D7D5-4C5F-9488-FFA2AB9F9994} = {DF83603B-578C-4D78-BBF7-7388474C7AEA}
		{6C737D27-D221-4164-9BE1-54C5C72A910E} = {37B0D2FE-E751-4D12-A86E-E56E20DBA357}
		{ABEAFB6D-932E-4063-A13B-F1CFE08BF91C} = {37B0D2FE-E751-4D12-A86E-E56E20DBA357}
		{F781CA18-89CA-4B03-8C70-7DC12428CECB} = {37B0D2FE-E751-4D12-A86E-E56E20DBA357}
		{68180F80-576E-41F8-96A6-68655051C7CD} = {F781CA18-89CA-4B03-8C70-7DC12428CECB}
	EndGlobalSection
	GlobalSection(ExtensibilityGlobals) = postSolution
		SolutionGuid = {9359DAC5-F795-40AA-9CEE-813EA798D837}
	EndGlobalSection
EndGlobal
