
Microsoft Visual Studio Solution File, Format Version 12.00
# Visual Studio Version 16
VisualStudioVersion = 16.0.32228.343
MinimumVisualStudioVersion = 10.0.40219.1
Project("{2150E333-8FDC-42A3-9474-1A3956D46DE8}") = "Sample", "Sample", "{213121EF-88F6-4E63-8A6D-CE3618E5FDA5}"
EndProject
Project("{FAE04EC0-301F-11D3-BF4B-00C04F79EFBC}") = "ConsoleApp0411", "Sample\ConsoleApp0411\ConsoleApp0411.csproj", "{426F2D4E-E28C-458F-A094-5F52EEE6808D}"
EndProject
Project("{FAE04EC0-301F-11D3-BF4B-00C04F79EFBC}") = "BallApp", "Sample\BallApp\BallApp.csproj", "{66A6E030-365D-48FA-8A2F-13063E919D17}"
EndProject
Project("{2150E333-8FDC-42A3-9474-1A3956D46DE8}") = "Chapter01", "Chapter01", "{03407471-C20F-46D2-B384-FA6133612C6B}"
EndProject
Project("{FAE04EC0-301F-11D3-BF4B-00C04F79EFBC}") = "ProductSample", "Chapter01\Product\ProductSample.csproj", "{EC07DD12-664D-4B86-9A80-E6C5812FB325}"
EndProject
Project("{2150E333-8FDC-42A3-9474-1A3956D46DE8}") = "Chapter02", "Chapter02", "{25A545E4-1110-48B3-AC53-59E12B998016}"
EndProject
Project("{FAE04EC0-301F-11D3-BF4B-00C04F79EFBC}") = "DistanceConverter", "Chapter02\距離換算プログラム\DistanceConverter\DistanceConverter.csproj", "{51A6E7D8-1CE9-4910-8E9F-77178611BDB0}"
EndProject
Project("{2150E333-8FDC-42A3-9474-1A3956D46DE8}") = "売上集計プログラム", "売上集計プログラム", "{8E6CA9A3-15E7-4F91-B2F0-19F741188E08}"
EndProject
Project("{FAE04EC0-301F-11D3-BF4B-00C04F79EFBC}") = "SalesCalculator", "Chapter02\売上集計プログラム\SalesCalculator\SalesCalculator.csproj", "{116EAB53-B8E5-4521-A4E0-F66CF7BB37F8}"
EndProject
Project("{2150E333-8FDC-42A3-9474-1A3956D46DE8}") = "演習問題", "演習問題", "{8188436F-93D7-4090-989E-3FFD9B5A8306}"
EndProject
Project("{FAE04EC0-301F-11D3-BF4B-00C04F79EFBC}") = "Exercise01", "Chapter02\演習問題\Exercise01\Exercise01.csproj", "{6056DB58-7351-40C0-A408-D691C047EE00}"
EndProject
Project("{FAE04EC0-301F-11D3-BF4B-00C04F79EFBC}") = "Exercise02", "Chapter02\演習問題\Exercise02\Exercise02.csproj", "{2FF9E311-DCAC-44C3-8C53-C92C228028C9}"
EndProject
Project("{FAE04EC0-301F-11D3-BF4B-00C04F79EFBC}") = "Exercise03", "Chapter02\演習問題\Exercise03\Exercise03\Exercise03.csproj", "{99965E7B-5054-4317-9B24-87EC96F81788}"
EndProject
Project("{2150E333-8FDC-42A3-9474-1A3956D46DE8}") = "Chapter03", "Chapter03", "{37B0D2FE-E751-4D12-A86E-E56E20DBA357}"
EndProject
Project("{FAE04EC0-301F-11D3-BF4B-00C04F79EFBC}") = "Section01", "Chapter03\Section01\Section01.csproj", "{E1EBCA93-E7F3-4B31-BF80-EB6B43E8BCD7}"
EndProject
Project("{FAE04EC0-301F-11D3-BF4B-00C04F79EFBC}") = "Section03", "Section03\Section03.csproj", "{6C737D27-D221-4164-9BE1-54C5C72A910E}"
EndProject
Project("{FAE04EC0-301F-11D3-BF4B-00C04F79EFBC}") = "Section04", "Section04\Section04.csproj", "{ABEAFB6D-932E-4063-A13B-F1CFE08BF91C}"
EndProject
Project("{2150E333-8FDC-42A3-9474-1A3956D46DE8}") = "演習問題", "演習問題", "{F781CA18-89CA-4B03-8C70-7DC12428CECB}"
EndProject
Project("{FAE04EC0-301F-11D3-BF4B-00C04F79EFBC}") = "Exercise01", "Chapter03\演習問題\Exercise01\Exercise01.csproj", "{68180F80-576E-41F8-96A6-68655051C7CD}"
EndProject
Project("{FAE04EC0-301F-11D3-BF4B-00C04F79EFBC}") = "Exercise02", "Chapter03\演習問題\Exercise02\Exercise02.csproj", "{5A8A3F6E-5A2B-4D6D-BD3C-C4BA7674387A}"
EndProject
Project("{2150E333-8FDC-42A3-9474-1A3956D46DE8}") = "Chapter04", "Chapter04", "{96F1D4E9-BDB4-4D54-BAA4-E74A64C59E67}"
EndProject
Project("{2150E333-8FDC-42A3-9474-1A3956D46DE8}") = "演習問題", "演習問題", "{239FD4C2-3EFA-4E4B-B1F5-D920CE82E46D}"
EndProject
Project("{FAE04EC0-301F-11D3-BF4B-00C04F79EFBC}") = "Exercise01", "Chapter04\演習問題\Exercise01\Exercise01.csproj", "{D24247F3-334F-40AD-B8FC-ABA1A832CFF7}"
EndProject
Project("{FAE04EC0-301F-11D3-BF4B-00C04F79EFBC}") = "Exercise02", "Chapter04\演習問題\Exercise02\Exercise02.csproj", "{1DA73D47-050E-4028-9FF2-436ED5D35F3B}"
EndProject
Project("{2150E333-8FDC-42A3-9474-1A3956D46DE8}") = "Chapter05", "Chapter05", "{A2F79D4C-BA87-4A29-BA35-494A02D6FCBB}"
EndProject
Project("{2150E333-8FDC-42A3-9474-1A3956D46DE8}") = "演習問題", "演習問題", "{5EDBADC9-D76D-47D1-A3B2-CC677A27CA22}"
EndProject
Project("{FAE04EC0-301F-11D3-BF4B-00C04F79EFBC}") = "Exercise01", "Chapter05\演習問題\Exercise01\Exercise01.csproj", "{B097986C-7EFE-4826-9E10-FFD785A06885}"
EndProject
Project("{FAE04EC0-301F-11D3-BF4B-00C04F79EFBC}") = "Exercise02", "Chapter05\演習問題\Exercise02\Exercise02.csproj", "{573791C2-B2B5-41DC-A4F0-18DC23435D61}"
EndProject
Project("{FAE04EC0-301F-11D3-BF4B-00C04F79EFBC}") = "Exercise03", "Chapter05\演習問題\Exercise03\Exercise03.csproj", "{A1F990A6-524C-4851-A3F8-A56BA1E4A168}"
EndProject
Project("{FAE04EC0-301F-11D3-BF4B-00C04F79EFBC}") = "Exercise04", "Chapter05\演習問題\Exercise04\Exercise04.csproj", "{8B1451AD-ED71-4610-8D24-E51127766CAA}"
EndProject
Project("{2150E333-8FDC-42A3-9474-1A3956D46DE8}") = "Chapter06", "Chapter06", "{ACB93169-328B-4823-9CFC-EF44987D80A4}"
EndProject
Project("{FAE04EC0-301F-11D3-BF4B-00C04F79EFBC}") = "Section01", "chapter06\Section01\Section01.csproj", "{1E2B9B12-A3C8-4DBF-8353-9983EA21E1DD}"
EndProject
Project("{FAE04EC0-301F-11D3-BF4B-00C04F79EFBC}") = "Section02", "chapter06\Section02\Section02.csproj", "{DB0984E2-E178-4606-B84B-42C9D1CD27C5}"
EndProject
Project("{2150E333-8FDC-42A3-9474-1A3956D46DE8}") = "演習問題", "演習問題", "{2779B9AC-2B58-4617-B998-BE086939022E}"
EndProject
Project("{FAE04EC0-301F-11D3-BF4B-00C04F79EFBC}") = "Exercise01", "chapter06\演習問題\Exercise01\Exercise01.csproj", "{2AE0E6F1-0A4A-4F2C-BC8A-A9C20220B488}"
EndProject
Project("{FAE04EC0-301F-11D3-BF4B-00C04F79EFBC}") = "Exercise02", "chapter06\演習問題\Exercise02\Exercise02.csproj", "{EDB3D2CE-DCC4-4746-B99E-D3C059722C64}"
EndProject
Project("{2150E333-8FDC-42A3-9474-1A3956D46DE8}") = "試験01", "試験01", "{8AFD878A-9EA5-4477-A0CB-6F339B6D2A95}"
EndProject
Project("{FAE04EC0-301F-11D3-BF4B-00C04F79EFBC}") = "Test01", "TestProject\Test01\Test01.csproj", "{2BFACDC3-F44D-4199-8498-F5C3C4AC0335}"
EndProject
Project("{FAE04EC0-301F-11D3-BF4B-00C04F79EFBC}") = "Test02", "TestProject\Test02\Test02.csproj", "{E461C0A8-8900-485C-B520-E929BA33F712}"
EndProject
Project("{2150E333-8FDC-42A3-9474-1A3956D46DE8}") = "Chapter07", "Chapter07", "{E125DD5B-E3B3-4650-88A2-8B6547D6489B}"
EndProject
Project("{FAE04EC0-301F-11D3-BF4B-00C04F79EFBC}") = "Section01", "Chapter07\Section01\Section01.csproj", "{892DC921-AFDF-414F-BB1F-C9B23BDB0209}"
EndProject
Project("{FAE04EC0-301F-11D3-BF4B-00C04F79EFBC}") = "Section02", "Chapter07\Section02\Section02.csproj", "{C5C7408C-BAE5-4699-B32C-041569A0253D}"
EndProject
Project("{2150E333-8FDC-42A3-9474-1A3956D46DE8}") = "演習問題", "演習問題", "{8B1FFEB4-EDC8-4C22-A6CA-6F9418B5E939}"
EndProject
Project("{FAE04EC0-301F-11D3-BF4B-00C04F79EFBC}") = "Exercise01", "Chapter07\演習問題\Exercise01\Exercise01.csproj", "{E81C6F68-06B2-498D-9A2F-E08253FF3459}"
EndProject
Project("{FAE04EC0-301F-11D3-BF4B-00C04F79EFBC}") = "Section03", "Chapter07\Section03\Section03.csproj", "{9FDF1B4B-560D-4F7E-8C2B-F661C3A3D829}"
EndProject
Project("{FAE04EC0-301F-11D3-BF4B-00C04F79EFBC}") = "Exercise02", "Chapter07\演習問題\Exercise02\Exercise02.csproj", "{528EBEA3-601E-46F9-9671-EF9ECC68471F}"
EndProject
Project("{2150E333-8FDC-42A3-9474-1A3956D46DE8}") = "Chapter08", "Chapter08", "{29A8D096-36B5-4ECF-8506-C26AE141D493}"
EndProject
Project("{2150E333-8FDC-42A3-9474-1A3956D46DE8}") = "演習問題", "演習問題", "{845C0939-C88A-4027-81F2-26C99B80CAB0}"
EndProject
Project("{FAE04EC0-301F-11D3-BF4B-00C04F79EFBC}") = "Exercise01", "Chapter08\演習問題\Exercise01\Exercise01.csproj", "{BC9AA7D0-4757-441E-B14B-FFA950428E54}"
EndProject
Project("{FAE04EC0-301F-11D3-BF4B-00C04F79EFBC}") = "Exercise02", "Chapter08\演習問題\Exercise02\Exercise02.csproj", "{75D4DADF-744A-489F-AF84-12E85A60EAB4}"
EndProject
Project("{FAE04EC0-301F-11D3-BF4B-00C04F79EFBC}") = "Exercise03", "Chapter08\演習問題\Exercise03\Exercise03.csproj", "{D614FA80-D264-4E2D-B07B-9515A14F9D1E}"
EndProject
Project("{2150E333-8FDC-42A3-9474-1A3956D46DE8}") = "フォームアプリケーション", "フォームアプリケーション", "{D64A09A1-E471-4D86-BFD6-F43B6C77D6A9}"
EndProject
Project("{FAE04EC0-301F-11D3-BF4B-00C04F79EFBC}") = "CalendarApp", "Chapter08\フォームアプリケーション\CalendarApp\CalendarApp.csproj", "{C37AA1A3-DFD1-49C4-A9A5-2B9B5F4BE33D}"
EndProject
Project("{2150E333-8FDC-42A3-9474-1A3956D46DE8}") = "FormApps", "FormApps", "{1DCB86F6-776E-43C2-A3F3-D211CCFAFCC6}"
EndProject
Project("{FAE04EC0-301F-11D3-BF4B-00C04F79EFBC}") = "CarReportSystem", "FormApps\CarReportSystem\CarReportSystem.csproj", "{0C35E5AA-1AF2-4CC2-9FAB-EB85C6747A2E}"
EndProject
Project("{2150E333-8FDC-42A3-9474-1A3956D46DE8}") = "Chapter09", "Chapter09", "{DFF3FD32-7BD4-4C79-BC21-7ABACB896606}"
EndProject
Project("{FAE04EC0-301F-11D3-BF4B-00C04F79EFBC}") = "Section01", "Chapter09\chapter09Main\Section01.csproj", "{76E566B3-D454-470E-A23D-534E803CFAB1}"
EndProject
Project("{2150E333-8FDC-42A3-9474-1A3956D46DE8}") = "Chapter13", "Chapter13", "{726E7FBE-CA8B-4168-B0E9-8D8B6153A04A}"
EndProject
Project("{FAE04EC0-301F-11D3-BF4B-00C04F79EFBC}") = "SampleEntityFramework", "Chapter13\SampleEntityFramework\SampleEntityFramework.csproj", "{88731F8F-3518-4E4E-AB4A-82C28ADCA51C}"
EndProject
Project("{2150E333-8FDC-42A3-9474-1A3956D46DE8}") = "Chapter14", "Chapter14", "{CF5B4515-15F6-41A3-B4CF-B984886B4BF4}"
EndProject
Project("{FAE04EC0-301F-11D3-BF4B-00C04F79EFBC}") = "Section01", "Chapter14\Section01\Section01.csproj", "{DC4813A5-97B2-4FAC-9F90-F02F3B94CCF5}"
EndProject
Project("{FAE04EC0-301F-11D3-BF4B-00C04F79EFBC}") = "Section02", "Chapter14\Section02\Section02.csproj", "{A9EBA5DD-872D-4443-AFB0-8935706C00AA}"
EndProject
Project("{FAE04EC0-301F-11D3-BF4B-00C04F79EFBC}") = "Section04", "Chapter14\Section04\Section04.csproj", "{0B8BAC71-6665-4ED9-99D8-C042208523C6}"
EndProject
Project("{FAE04EC0-301F-11D3-BF4B-00C04F79EFBC}") = "RssReader", "FormApps\RssReader\RssReader.csproj", "{3E2B6966-C579-4CFC-910B-3543BF120FCF}"
EndProject
Project("{2150E333-8FDC-42A3-9474-1A3956D46DE8}") = "Chapter10", "Chapter10", "{28514FC7-A864-4A21-A3AD-A304A963A22D}"
EndProject
Project("{FAE04EC0-301F-11D3-BF4B-00C04F79EFBC}") = "Section02", "Chapter10\Section02\Section02.csproj", "{AFE2705E-78D5-42E2-9BE9-185FADDFE88A}"
EndProject
Project("{FAE04EC0-301F-11D3-BF4B-00C04F79EFBC}") = "Section03", "Chapter10\Section03\Section03.csproj", "{F2BEF24F-32CB-49E0-848D-0A89CB0C4B5E}"
EndProject
Project("{2150E333-8FDC-42A3-9474-1A3956D46DE8}") = "演習問題", "演習問題", "{4E757D0E-B006-4CF6-A35B-1CD944A346F3}"
	ProjectSection(SolutionItems) = preProject
		\\172.16.42.1\学生\2023_情報システム\オブジェクト指向プログラミング\1004\sample.txt = \\172.16.42.1\学生\2023_情報システム\オブジェクト指向プログラミング\1004\sample.txt
	EndProjectSection
EndProject
Project("{FAE04EC0-301F-11D3-BF4B-00C04F79EFBC}") = "Exercise01", "Chapter10\演習問題\Exercise01\Exercise01.csproj", "{8863637C-50AA-45CB-8A9D-03CF6E0328F9}"
EndProject
Project("{FAE04EC0-301F-11D3-BF4B-00C04F79EFBC}") = "Exercise02", "Chapter10\演習問題\Exercise02\Exercise02.csproj", "{EB143A33-DA44-4C78-8F8D-AE55968F19CE}"
EndProject
Project("{FAE04EC0-301F-11D3-BF4B-00C04F79EFBC}") = "Exercise03", "Chapter10\演習問題\Exercise03\Exercise03.csproj", "{BCE0A141-9952-4A52-A976-83663DDDD39E}"
EndProject
Project("{FAE04EC0-301F-11D3-BF4B-00C04F79EFBC}") = "Exercise04", "Chapter10\演習問題\Exercise04\Exercise04.csproj", "{79E9586D-3E43-46BF-A5F2-A121207DBC7B}"
EndProject
Project("{FAE04EC0-301F-11D3-BF4B-00C04F79EFBC}") = "Exercise05", "Chapter10\演習問題\Exercise05\Exercise05.csproj", "{FEFEB3FF-FF38-4116-9ED4-478244F73841}"
EndProject
Project("{FAE04EC0-301F-11D3-BF4B-00C04F79EFBC}") = "Exercise06", "Chapter10\演習問題\Exercise06\Exercise06.csproj", "{59259BF9-B19D-434C-816E-894EDD7BCBDC}"
EndProject
Project("{2150E333-8FDC-42A3-9474-1A3956D46DE8}") = "Chapter15", "Chapter15", "{D8025300-CBCF-4FA0-BC0B-FC509A55BF9F}"
EndProject
Project("{FAE04EC0-301F-11D3-BF4B-00C04F79EFBC}") = "Section01", "Chapter15\Section01\Section01.csproj", "{BC10B192-216D-459B-8004-F1D432F89E87}"
EndProject
Project("{2150E333-8FDC-42A3-9474-1A3956D46DE8}") = "演習問題", "演習問題", "{780A23C8-2268-4DB4-B5ED-CBEDAD54E617}"
EndProject
Project("{FAE04EC0-301F-11D3-BF4B-00C04F79EFBC}") = "Exercise01", "Chapter15\演習問題\Exercise01\Exercise01.csproj", "{8901B4FC-050F-482F-8353-D4113915A80C}"
EndProject
Project("{2150E333-8FDC-42A3-9474-1A3956D46DE8}") = "Chapter17", "Chapter17", "{0F9A9F78-60FE-4B03-A29F-33562EFDACA6}"
EndProject
Project("{FAE04EC0-301F-11D3-BF4B-00C04F79EFBC}") = "Section01", "Chapter17\Section01\Section01.csproj", "{920A9B07-11E9-48E1-BBFB-0553FCD30215}"
EndProject
Global
	GlobalSection(SolutionConfigurationPlatforms) = preSolution
		Debug|Any CPU = Debug|Any CPU
		Release|Any CPU = Release|Any CPU
	EndGlobalSection
	GlobalSection(ProjectConfigurationPlatforms) = postSolution
		{426F2D4E-E28C-458F-A094-5F52EEE6808D}.Debug|Any CPU.ActiveCfg = Debug|Any CPU
		{426F2D4E-E28C-458F-A094-5F52EEE6808D}.Debug|Any CPU.Build.0 = Debug|Any CPU
		{426F2D4E-E28C-458F-A094-5F52EEE6808D}.Release|Any CPU.ActiveCfg = Release|Any CPU
		{426F2D4E-E28C-458F-A094-5F52EEE6808D}.Release|Any CPU.Build.0 = Release|Any CPU
		{66A6E030-365D-48FA-8A2F-13063E919D17}.Debug|Any CPU.ActiveCfg = Debug|Any CPU
		{66A6E030-365D-48FA-8A2F-13063E919D17}.Debug|Any CPU.Build.0 = Debug|Any CPU
		{66A6E030-365D-48FA-8A2F-13063E919D17}.Release|Any CPU.ActiveCfg = Release|Any CPU
		{66A6E030-365D-48FA-8A2F-13063E919D17}.Release|Any CPU.Build.0 = Release|Any CPU
		{EC07DD12-664D-4B86-9A80-E6C5812FB325}.Debug|Any CPU.ActiveCfg = Debug|Any CPU
		{EC07DD12-664D-4B86-9A80-E6C5812FB325}.Debug|Any CPU.Build.0 = Debug|Any CPU
		{EC07DD12-664D-4B86-9A80-E6C5812FB325}.Release|Any CPU.ActiveCfg = Release|Any CPU
		{EC07DD12-664D-4B86-9A80-E6C5812FB325}.Release|Any CPU.Build.0 = Release|Any CPU
		{51A6E7D8-1CE9-4910-8E9F-77178611BDB0}.Debug|Any CPU.ActiveCfg = Debug|Any CPU
		{51A6E7D8-1CE9-4910-8E9F-77178611BDB0}.Debug|Any CPU.Build.0 = Debug|Any CPU
		{51A6E7D8-1CE9-4910-8E9F-77178611BDB0}.Release|Any CPU.ActiveCfg = Release|Any CPU
		{51A6E7D8-1CE9-4910-8E9F-77178611BDB0}.Release|Any CPU.Build.0 = Release|Any CPU
		{116EAB53-B8E5-4521-A4E0-F66CF7BB37F8}.Debug|Any CPU.ActiveCfg = Debug|Any CPU
		{116EAB53-B8E5-4521-A4E0-F66CF7BB37F8}.Debug|Any CPU.Build.0 = Debug|Any CPU
		{116EAB53-B8E5-4521-A4E0-F66CF7BB37F8}.Release|Any CPU.ActiveCfg = Release|Any CPU
		{116EAB53-B8E5-4521-A4E0-F66CF7BB37F8}.Release|Any CPU.Build.0 = Release|Any CPU
		{6056DB58-7351-40C0-A408-D691C047EE00}.Debug|Any CPU.ActiveCfg = Debug|Any CPU
		{6056DB58-7351-40C0-A408-D691C047EE00}.Debug|Any CPU.Build.0 = Debug|Any CPU
		{6056DB58-7351-40C0-A408-D691C047EE00}.Release|Any CPU.ActiveCfg = Release|Any CPU
		{6056DB58-7351-40C0-A408-D691C047EE00}.Release|Any CPU.Build.0 = Release|Any CPU
		{2FF9E311-DCAC-44C3-8C53-C92C228028C9}.Debug|Any CPU.ActiveCfg = Debug|Any CPU
		{2FF9E311-DCAC-44C3-8C53-C92C228028C9}.Debug|Any CPU.Build.0 = Debug|Any CPU
		{2FF9E311-DCAC-44C3-8C53-C92C228028C9}.Release|Any CPU.ActiveCfg = Release|Any CPU
		{2FF9E311-DCAC-44C3-8C53-C92C228028C9}.Release|Any CPU.Build.0 = Release|Any CPU
		{99965E7B-5054-4317-9B24-87EC96F81788}.Debug|Any CPU.ActiveCfg = Debug|Any CPU
		{99965E7B-5054-4317-9B24-87EC96F81788}.Debug|Any CPU.Build.0 = Debug|Any CPU
		{99965E7B-5054-4317-9B24-87EC96F81788}.Release|Any CPU.ActiveCfg = Release|Any CPU
		{99965E7B-5054-4317-9B24-87EC96F81788}.Release|Any CPU.Build.0 = Release|Any CPU
		{E1EBCA93-E7F3-4B31-BF80-EB6B43E8BCD7}.Debug|Any CPU.ActiveCfg = Debug|Any CPU
		{E1EBCA93-E7F3-4B31-BF80-EB6B43E8BCD7}.Debug|Any CPU.Build.0 = Debug|Any CPU
		{E1EBCA93-E7F3-4B31-BF80-EB6B43E8BCD7}.Release|Any CPU.ActiveCfg = Release|Any CPU
		{E1EBCA93-E7F3-4B31-BF80-EB6B43E8BCD7}.Release|Any CPU.Build.0 = Release|Any CPU
		{6C737D27-D221-4164-9BE1-54C5C72A910E}.Debug|Any CPU.ActiveCfg = Debug|Any CPU
		{6C737D27-D221-4164-9BE1-54C5C72A910E}.Debug|Any CPU.Build.0 = Debug|Any CPU
		{6C737D27-D221-4164-9BE1-54C5C72A910E}.Release|Any CPU.ActiveCfg = Release|Any CPU
		{6C737D27-D221-4164-9BE1-54C5C72A910E}.Release|Any CPU.Build.0 = Release|Any CPU
		{ABEAFB6D-932E-4063-A13B-F1CFE08BF91C}.Debug|Any CPU.ActiveCfg = Debug|Any CPU
		{ABEAFB6D-932E-4063-A13B-F1CFE08BF91C}.Debug|Any CPU.Build.0 = Debug|Any CPU
		{ABEAFB6D-932E-4063-A13B-F1CFE08BF91C}.Release|Any CPU.ActiveCfg = Release|Any CPU
		{ABEAFB6D-932E-4063-A13B-F1CFE08BF91C}.Release|Any CPU.Build.0 = Release|Any CPU
		{68180F80-576E-41F8-96A6-68655051C7CD}.Debug|Any CPU.ActiveCfg = Debug|Any CPU
		{68180F80-576E-41F8-96A6-68655051C7CD}.Debug|Any CPU.Build.0 = Debug|Any CPU
		{68180F80-576E-41F8-96A6-68655051C7CD}.Release|Any CPU.ActiveCfg = Release|Any CPU
		{68180F80-576E-41F8-96A6-68655051C7CD}.Release|Any CPU.Build.0 = Release|Any CPU
		{5A8A3F6E-5A2B-4D6D-BD3C-C4BA7674387A}.Debug|Any CPU.ActiveCfg = Debug|Any CPU
		{5A8A3F6E-5A2B-4D6D-BD3C-C4BA7674387A}.Debug|Any CPU.Build.0 = Debug|Any CPU
		{5A8A3F6E-5A2B-4D6D-BD3C-C4BA7674387A}.Release|Any CPU.ActiveCfg = Release|Any CPU
		{5A8A3F6E-5A2B-4D6D-BD3C-C4BA7674387A}.Release|Any CPU.Build.0 = Release|Any CPU
		{D24247F3-334F-40AD-B8FC-ABA1A832CFF7}.Debug|Any CPU.ActiveCfg = Debug|Any CPU
		{D24247F3-334F-40AD-B8FC-ABA1A832CFF7}.Debug|Any CPU.Build.0 = Debug|Any CPU
		{D24247F3-334F-40AD-B8FC-ABA1A832CFF7}.Release|Any CPU.ActiveCfg = Release|Any CPU
		{D24247F3-334F-40AD-B8FC-ABA1A832CFF7}.Release|Any CPU.Build.0 = Release|Any CPU
		{1DA73D47-050E-4028-9FF2-436ED5D35F3B}.Debug|Any CPU.ActiveCfg = Debug|Any CPU
		{1DA73D47-050E-4028-9FF2-436ED5D35F3B}.Debug|Any CPU.Build.0 = Debug|Any CPU
		{1DA73D47-050E-4028-9FF2-436ED5D35F3B}.Release|Any CPU.ActiveCfg = Release|Any CPU
		{1DA73D47-050E-4028-9FF2-436ED5D35F3B}.Release|Any CPU.Build.0 = Release|Any CPU
		{B097986C-7EFE-4826-9E10-FFD785A06885}.Debug|Any CPU.ActiveCfg = Debug|Any CPU
		{B097986C-7EFE-4826-9E10-FFD785A06885}.Debug|Any CPU.Build.0 = Debug|Any CPU
		{B097986C-7EFE-4826-9E10-FFD785A06885}.Release|Any CPU.ActiveCfg = Release|Any CPU
		{B097986C-7EFE-4826-9E10-FFD785A06885}.Release|Any CPU.Build.0 = Release|Any CPU
		{573791C2-B2B5-41DC-A4F0-18DC23435D61}.Debug|Any CPU.ActiveCfg = Debug|Any CPU
		{573791C2-B2B5-41DC-A4F0-18DC23435D61}.Debug|Any CPU.Build.0 = Debug|Any CPU
		{573791C2-B2B5-41DC-A4F0-18DC23435D61}.Release|Any CPU.ActiveCfg = Release|Any CPU
		{573791C2-B2B5-41DC-A4F0-18DC23435D61}.Release|Any CPU.Build.0 = Release|Any CPU
		{A1F990A6-524C-4851-A3F8-A56BA1E4A168}.Debug|Any CPU.ActiveCfg = Debug|Any CPU
		{A1F990A6-524C-4851-A3F8-A56BA1E4A168}.Debug|Any CPU.Build.0 = Debug|Any CPU
		{A1F990A6-524C-4851-A3F8-A56BA1E4A168}.Release|Any CPU.ActiveCfg = Release|Any CPU
		{A1F990A6-524C-4851-A3F8-A56BA1E4A168}.Release|Any CPU.Build.0 = Release|Any CPU
		{8B1451AD-ED71-4610-8D24-E51127766CAA}.Debug|Any CPU.ActiveCfg = Debug|Any CPU
		{8B1451AD-ED71-4610-8D24-E51127766CAA}.Debug|Any CPU.Build.0 = Debug|Any CPU
		{8B1451AD-ED71-4610-8D24-E51127766CAA}.Release|Any CPU.ActiveCfg = Release|Any CPU
		{8B1451AD-ED71-4610-8D24-E51127766CAA}.Release|Any CPU.Build.0 = Release|Any CPU
		{1E2B9B12-A3C8-4DBF-8353-9983EA21E1DD}.Debug|Any CPU.ActiveCfg = Debug|Any CPU
		{1E2B9B12-A3C8-4DBF-8353-9983EA21E1DD}.Debug|Any CPU.Build.0 = Debug|Any CPU
		{1E2B9B12-A3C8-4DBF-8353-9983EA21E1DD}.Release|Any CPU.ActiveCfg = Release|Any CPU
		{1E2B9B12-A3C8-4DBF-8353-9983EA21E1DD}.Release|Any CPU.Build.0 = Release|Any CPU
		{DB0984E2-E178-4606-B84B-42C9D1CD27C5}.Debug|Any CPU.ActiveCfg = Debug|Any CPU
		{DB0984E2-E178-4606-B84B-42C9D1CD27C5}.Debug|Any CPU.Build.0 = Debug|Any CPU
		{DB0984E2-E178-4606-B84B-42C9D1CD27C5}.Release|Any CPU.ActiveCfg = Release|Any CPU
		{DB0984E2-E178-4606-B84B-42C9D1CD27C5}.Release|Any CPU.Build.0 = Release|Any CPU
		{2AE0E6F1-0A4A-4F2C-BC8A-A9C20220B488}.Debug|Any CPU.ActiveCfg = Debug|Any CPU
		{2AE0E6F1-0A4A-4F2C-BC8A-A9C20220B488}.Debug|Any CPU.Build.0 = Debug|Any CPU
		{2AE0E6F1-0A4A-4F2C-BC8A-A9C20220B488}.Release|Any CPU.ActiveCfg = Release|Any CPU
		{2AE0E6F1-0A4A-4F2C-BC8A-A9C20220B488}.Release|Any CPU.Build.0 = Release|Any CPU
		{EDB3D2CE-DCC4-4746-B99E-D3C059722C64}.Debug|Any CPU.ActiveCfg = Debug|Any CPU
		{EDB3D2CE-DCC4-4746-B99E-D3C059722C64}.Debug|Any CPU.Build.0 = Debug|Any CPU
		{EDB3D2CE-DCC4-4746-B99E-D3C059722C64}.Release|Any CPU.ActiveCfg = Release|Any CPU
		{EDB3D2CE-DCC4-4746-B99E-D3C059722C64}.Release|Any CPU.Build.0 = Release|Any CPU
		{2BFACDC3-F44D-4199-8498-F5C3C4AC0335}.Debug|Any CPU.ActiveCfg = Debug|Any CPU
		{2BFACDC3-F44D-4199-8498-F5C3C4AC0335}.Debug|Any CPU.Build.0 = Debug|Any CPU
		{2BFACDC3-F44D-4199-8498-F5C3C4AC0335}.Release|Any CPU.ActiveCfg = Release|Any CPU
		{2BFACDC3-F44D-4199-8498-F5C3C4AC0335}.Release|Any CPU.Build.0 = Release|Any CPU
		{E461C0A8-8900-485C-B520-E929BA33F712}.Debug|Any CPU.ActiveCfg = Debug|Any CPU
		{E461C0A8-8900-485C-B520-E929BA33F712}.Debug|Any CPU.Build.0 = Debug|Any CPU
		{E461C0A8-8900-485C-B520-E929BA33F712}.Release|Any CPU.ActiveCfg = Release|Any CPU
		{E461C0A8-8900-485C-B520-E929BA33F712}.Release|Any CPU.Build.0 = Release|Any CPU
		{892DC921-AFDF-414F-BB1F-C9B23BDB0209}.Debug|Any CPU.ActiveCfg = Debug|Any CPU
		{892DC921-AFDF-414F-BB1F-C9B23BDB0209}.Debug|Any CPU.Build.0 = Debug|Any CPU
		{892DC921-AFDF-414F-BB1F-C9B23BDB0209}.Release|Any CPU.ActiveCfg = Release|Any CPU
		{892DC921-AFDF-414F-BB1F-C9B23BDB0209}.Release|Any CPU.Build.0 = Release|Any CPU
		{C5C7408C-BAE5-4699-B32C-041569A0253D}.Debug|Any CPU.ActiveCfg = Debug|Any CPU
		{C5C7408C-BAE5-4699-B32C-041569A0253D}.Debug|Any CPU.Build.0 = Debug|Any CPU
		{C5C7408C-BAE5-4699-B32C-041569A0253D}.Release|Any CPU.ActiveCfg = Release|Any CPU
		{C5C7408C-BAE5-4699-B32C-041569A0253D}.Release|Any CPU.Build.0 = Release|Any CPU
		{E81C6F68-06B2-498D-9A2F-E08253FF3459}.Debug|Any CPU.ActiveCfg = Debug|Any CPU
		{E81C6F68-06B2-498D-9A2F-E08253FF3459}.Debug|Any CPU.Build.0 = Debug|Any CPU
		{E81C6F68-06B2-498D-9A2F-E08253FF3459}.Release|Any CPU.ActiveCfg = Release|Any CPU
		{E81C6F68-06B2-498D-9A2F-E08253FF3459}.Release|Any CPU.Build.0 = Release|Any CPU
		{9FDF1B4B-560D-4F7E-8C2B-F661C3A3D829}.Debug|Any CPU.ActiveCfg = Debug|Any CPU
		{9FDF1B4B-560D-4F7E-8C2B-F661C3A3D829}.Debug|Any CPU.Build.0 = Debug|Any CPU
		{9FDF1B4B-560D-4F7E-8C2B-F661C3A3D829}.Release|Any CPU.ActiveCfg = Release|Any CPU
		{9FDF1B4B-560D-4F7E-8C2B-F661C3A3D829}.Release|Any CPU.Build.0 = Release|Any CPU
		{528EBEA3-601E-46F9-9671-EF9ECC68471F}.Debug|Any CPU.ActiveCfg = Debug|Any CPU
		{528EBEA3-601E-46F9-9671-EF9ECC68471F}.Debug|Any CPU.Build.0 = Debug|Any CPU
		{528EBEA3-601E-46F9-9671-EF9ECC68471F}.Release|Any CPU.ActiveCfg = Release|Any CPU
		{528EBEA3-601E-46F9-9671-EF9ECC68471F}.Release|Any CPU.Build.0 = Release|Any CPU
		{BC9AA7D0-4757-441E-B14B-FFA950428E54}.Debug|Any CPU.ActiveCfg = Debug|Any CPU
		{BC9AA7D0-4757-441E-B14B-FFA950428E54}.Debug|Any CPU.Build.0 = Debug|Any CPU
		{BC9AA7D0-4757-441E-B14B-FFA950428E54}.Release|Any CPU.ActiveCfg = Release|Any CPU
		{BC9AA7D0-4757-441E-B14B-FFA950428E54}.Release|Any CPU.Build.0 = Release|Any CPU
		{75D4DADF-744A-489F-AF84-12E85A60EAB4}.Debug|Any CPU.ActiveCfg = Debug|Any CPU
		{75D4DADF-744A-489F-AF84-12E85A60EAB4}.Debug|Any CPU.Build.0 = Debug|Any CPU
		{75D4DADF-744A-489F-AF84-12E85A60EAB4}.Release|Any CPU.ActiveCfg = Release|Any CPU
		{75D4DADF-744A-489F-AF84-12E85A60EAB4}.Release|Any CPU.Build.0 = Release|Any CPU
		{D614FA80-D264-4E2D-B07B-9515A14F9D1E}.Debug|Any CPU.ActiveCfg = Debug|Any CPU
		{D614FA80-D264-4E2D-B07B-9515A14F9D1E}.Debug|Any CPU.Build.0 = Debug|Any CPU
		{D614FA80-D264-4E2D-B07B-9515A14F9D1E}.Release|Any CPU.ActiveCfg = Release|Any CPU
		{D614FA80-D264-4E2D-B07B-9515A14F9D1E}.Release|Any CPU.Build.0 = Release|Any CPU
		{C37AA1A3-DFD1-49C4-A9A5-2B9B5F4BE33D}.Debug|Any CPU.ActiveCfg = Debug|Any CPU
		{C37AA1A3-DFD1-49C4-A9A5-2B9B5F4BE33D}.Debug|Any CPU.Build.0 = Debug|Any CPU
		{C37AA1A3-DFD1-49C4-A9A5-2B9B5F4BE33D}.Release|Any CPU.ActiveCfg = Release|Any CPU
		{C37AA1A3-DFD1-49C4-A9A5-2B9B5F4BE33D}.Release|Any CPU.Build.0 = Release|Any CPU
		{0C35E5AA-1AF2-4CC2-9FAB-EB85C6747A2E}.Debug|Any CPU.ActiveCfg = Debug|Any CPU
		{0C35E5AA-1AF2-4CC2-9FAB-EB85C6747A2E}.Debug|Any CPU.Build.0 = Debug|Any CPU
		{0C35E5AA-1AF2-4CC2-9FAB-EB85C6747A2E}.Release|Any CPU.ActiveCfg = Release|Any CPU
		{0C35E5AA-1AF2-4CC2-9FAB-EB85C6747A2E}.Release|Any CPU.Build.0 = Release|Any CPU
		{76E566B3-D454-470E-A23D-534E803CFAB1}.Debug|Any CPU.ActiveCfg = Debug|Any CPU
		{76E566B3-D454-470E-A23D-534E803CFAB1}.Debug|Any CPU.Build.0 = Debug|Any CPU
		{76E566B3-D454-470E-A23D-534E803CFAB1}.Release|Any CPU.ActiveCfg = Release|Any CPU
		{76E566B3-D454-470E-A23D-534E803CFAB1}.Release|Any CPU.Build.0 = Release|Any CPU
		{88731F8F-3518-4E4E-AB4A-82C28ADCA51C}.Debug|Any CPU.ActiveCfg = Debug|Any CPU
		{88731F8F-3518-4E4E-AB4A-82C28ADCA51C}.Debug|Any CPU.Build.0 = Debug|Any CPU
		{88731F8F-3518-4E4E-AB4A-82C28ADCA51C}.Release|Any CPU.ActiveCfg = Release|Any CPU
		{88731F8F-3518-4E4E-AB4A-82C28ADCA51C}.Release|Any CPU.Build.0 = Release|Any CPU
		{DC4813A5-97B2-4FAC-9F90-F02F3B94CCF5}.Debug|Any CPU.ActiveCfg = Debug|Any CPU
		{DC4813A5-97B2-4FAC-9F90-F02F3B94CCF5}.Debug|Any CPU.Build.0 = Debug|Any CPU
		{DC4813A5-97B2-4FAC-9F90-F02F3B94CCF5}.Release|Any CPU.ActiveCfg = Release|Any CPU
		{DC4813A5-97B2-4FAC-9F90-F02F3B94CCF5}.Release|Any CPU.Build.0 = Release|Any CPU
		{A9EBA5DD-872D-4443-AFB0-8935706C00AA}.Debug|Any CPU.ActiveCfg = Debug|Any CPU
		{A9EBA5DD-872D-4443-AFB0-8935706C00AA}.Debug|Any CPU.Build.0 = Debug|Any CPU
		{A9EBA5DD-872D-4443-AFB0-8935706C00AA}.Release|Any CPU.ActiveCfg = Release|Any CPU
		{A9EBA5DD-872D-4443-AFB0-8935706C00AA}.Release|Any CPU.Build.0 = Release|Any CPU
		{0B8BAC71-6665-4ED9-99D8-C042208523C6}.Debug|Any CPU.ActiveCfg = Debug|Any CPU
		{0B8BAC71-6665-4ED9-99D8-C042208523C6}.Debug|Any CPU.Build.0 = Debug|Any CPU
		{0B8BAC71-6665-4ED9-99D8-C042208523C6}.Release|Any CPU.ActiveCfg = Release|Any CPU
		{0B8BAC71-6665-4ED9-99D8-C042208523C6}.Release|Any CPU.Build.0 = Release|Any CPU
		{3E2B6966-C579-4CFC-910B-3543BF120FCF}.Debug|Any CPU.ActiveCfg = Debug|Any CPU
		{3E2B6966-C579-4CFC-910B-3543BF120FCF}.Debug|Any CPU.Build.0 = Debug|Any CPU
		{3E2B6966-C579-4CFC-910B-3543BF120FCF}.Release|Any CPU.ActiveCfg = Release|Any CPU
		{3E2B6966-C579-4CFC-910B-3543BF120FCF}.Release|Any CPU.Build.0 = Release|Any CPU
		{AFE2705E-78D5-42E2-9BE9-185FADDFE88A}.Debug|Any CPU.ActiveCfg = Debug|Any CPU
		{AFE2705E-78D5-42E2-9BE9-185FADDFE88A}.Debug|Any CPU.Build.0 = Debug|Any CPU
		{AFE2705E-78D5-42E2-9BE9-185FADDFE88A}.Release|Any CPU.ActiveCfg = Release|Any CPU
		{AFE2705E-78D5-42E2-9BE9-185FADDFE88A}.Release|Any CPU.Build.0 = Release|Any CPU
		{F2BEF24F-32CB-49E0-848D-0A89CB0C4B5E}.Debug|Any CPU.ActiveCfg = Debug|Any CPU
		{F2BEF24F-32CB-49E0-848D-0A89CB0C4B5E}.Debug|Any CPU.Build.0 = Debug|Any CPU
		{F2BEF24F-32CB-49E0-848D-0A89CB0C4B5E}.Release|Any CPU.ActiveCfg = Release|Any CPU
		{F2BEF24F-32CB-49E0-848D-0A89CB0C4B5E}.Release|Any CPU.Build.0 = Release|Any CPU
		{8863637C-50AA-45CB-8A9D-03CF6E0328F9}.Debug|Any CPU.ActiveCfg = Debug|Any CPU
		{8863637C-50AA-45CB-8A9D-03CF6E0328F9}.Debug|Any CPU.Build.0 = Debug|Any CPU
		{8863637C-50AA-45CB-8A9D-03CF6E0328F9}.Release|Any CPU.ActiveCfg = Release|Any CPU
		{8863637C-50AA-45CB-8A9D-03CF6E0328F9}.Release|Any CPU.Build.0 = Release|Any CPU
		{EB143A33-DA44-4C78-8F8D-AE55968F19CE}.Debug|Any CPU.ActiveCfg = Debug|Any CPU
		{EB143A33-DA44-4C78-8F8D-AE55968F19CE}.Debug|Any CPU.Build.0 = Debug|Any CPU
		{EB143A33-DA44-4C78-8F8D-AE55968F19CE}.Release|Any CPU.ActiveCfg = Release|Any CPU
		{EB143A33-DA44-4C78-8F8D-AE55968F19CE}.Release|Any CPU.Build.0 = Release|Any CPU
		{BCE0A141-9952-4A52-A976-83663DDDD39E}.Debug|Any CPU.ActiveCfg = Debug|Any CPU
		{BCE0A141-9952-4A52-A976-83663DDDD39E}.Debug|Any CPU.Build.0 = Debug|Any CPU
		{BCE0A141-9952-4A52-A976-83663DDDD39E}.Release|Any CPU.ActiveCfg = Release|Any CPU
		{BCE0A141-9952-4A52-A976-83663DDDD39E}.Release|Any CPU.Build.0 = Release|Any CPU
		{79E9586D-3E43-46BF-A5F2-A121207DBC7B}.Debug|Any CPU.ActiveCfg = Debug|Any CPU
		{79E9586D-3E43-46BF-A5F2-A121207DBC7B}.Debug|Any CPU.Build.0 = Debug|Any CPU
		{79E9586D-3E43-46BF-A5F2-A121207DBC7B}.Release|Any CPU.ActiveCfg = Release|Any CPU
		{79E9586D-3E43-46BF-A5F2-A121207DBC7B}.Release|Any CPU.Build.0 = Release|Any CPU
		{FEFEB3FF-FF38-4116-9ED4-478244F73841}.Debug|Any CPU.ActiveCfg = Debug|Any CPU
		{FEFEB3FF-FF38-4116-9ED4-478244F73841}.Debug|Any CPU.Build.0 = Debug|Any CPU
		{FEFEB3FF-FF38-4116-9ED4-478244F73841}.Release|Any CPU.ActiveCfg = Release|Any CPU
		{FEFEB3FF-FF38-4116-9ED4-478244F73841}.Release|Any CPU.Build.0 = Release|Any CPU
		{59259BF9-B19D-434C-816E-894EDD7BCBDC}.Debug|Any CPU.ActiveCfg = Debug|Any CPU
		{59259BF9-B19D-434C-816E-894EDD7BCBDC}.Debug|Any CPU.Build.0 = Debug|Any CPU
		{59259BF9-B19D-434C-816E-894EDD7BCBDC}.Release|Any CPU.ActiveCfg = Release|Any CPU
		{59259BF9-B19D-434C-816E-894EDD7BCBDC}.Release|Any CPU.Build.0 = Release|Any CPU
		{BC10B192-216D-459B-8004-F1D432F89E87}.Debug|Any CPU.ActiveCfg = Debug|Any CPU
		{BC10B192-216D-459B-8004-F1D432F89E87}.Debug|Any CPU.Build.0 = Debug|Any CPU
		{BC10B192-216D-459B-8004-F1D432F89E87}.Release|Any CPU.ActiveCfg = Release|Any CPU
		{BC10B192-216D-459B-8004-F1D432F89E87}.Release|Any CPU.Build.0 = Release|Any CPU
		{8901B4FC-050F-482F-8353-D4113915A80C}.Debug|Any CPU.ActiveCfg = Debug|Any CPU
		{8901B4FC-050F-482F-8353-D4113915A80C}.Debug|Any CPU.Build.0 = Debug|Any CPU
		{8901B4FC-050F-482F-8353-D4113915A80C}.Release|Any CPU.ActiveCfg = Release|Any CPU
		{8901B4FC-050F-482F-8353-D4113915A80C}.Release|Any CPU.Build.0 = Release|Any CPU
		{920A9B07-11E9-48E1-BBFB-0553FCD30215}.Debug|Any CPU.ActiveCfg = Debug|Any CPU
		{920A9B07-11E9-48E1-BBFB-0553FCD30215}.Debug|Any CPU.Build.0 = Debug|Any CPU
		{920A9B07-11E9-48E1-BBFB-0553FCD30215}.Release|Any CPU.ActiveCfg = Release|Any CPU
		{920A9B07-11E9-48E1-BBFB-0553FCD30215}.Release|Any CPU.Build.0 = Release|Any CPU
	EndGlobalSection
	GlobalSection(SolutionProperties) = preSolution
		HideSolutionNode = FALSE
	EndGlobalSection
	GlobalSection(NestedProjects) = preSolution
		{426F2D4E-E28C-458F-A094-5F52EEE6808D} = {213121EF-88F6-4E63-8A6D-CE3618E5FDA5}
		{66A6E030-365D-48FA-8A2F-13063E919D17} = {213121EF-88F6-4E63-8A6D-CE3618E5FDA5}
		{EC07DD12-664D-4B86-9A80-E6C5812FB325} = {03407471-C20F-46D2-B384-FA6133612C6B}
		{51A6E7D8-1CE9-4910-8E9F-77178611BDB0} = {25A545E4-1110-48B3-AC53-59E12B998016}
		{8E6CA9A3-15E7-4F91-B2F0-19F741188E08} = {25A545E4-1110-48B3-AC53-59E12B998016}
		{116EAB53-B8E5-4521-A4E0-F66CF7BB37F8} = {8E6CA9A3-15E7-4F91-B2F0-19F741188E08}
		{8188436F-93D7-4090-989E-3FFD9B5A8306} = {25A545E4-1110-48B3-AC53-59E12B998016}
		{6056DB58-7351-40C0-A408-D691C047EE00} = {8188436F-93D7-4090-989E-3FFD9B5A8306}
		{2FF9E311-DCAC-44C3-8C53-C92C228028C9} = {8188436F-93D7-4090-989E-3FFD9B5A8306}
		{99965E7B-5054-4317-9B24-87EC96F81788} = {8188436F-93D7-4090-989E-3FFD9B5A8306}
		{E1EBCA93-E7F3-4B31-BF80-EB6B43E8BCD7} = {37B0D2FE-E751-4D12-A86E-E56E20DBA357}
		{6C737D27-D221-4164-9BE1-54C5C72A910E} = {37B0D2FE-E751-4D12-A86E-E56E20DBA357}
		{ABEAFB6D-932E-4063-A13B-F1CFE08BF91C} = {37B0D2FE-E751-4D12-A86E-E56E20DBA357}
		{F781CA18-89CA-4B03-8C70-7DC12428CECB} = {37B0D2FE-E751-4D12-A86E-E56E20DBA357}
		{68180F80-576E-41F8-96A6-68655051C7CD} = {F781CA18-89CA-4B03-8C70-7DC12428CECB}
		{5A8A3F6E-5A2B-4D6D-BD3C-C4BA7674387A} = {F781CA18-89CA-4B03-8C70-7DC12428CECB}
		{239FD4C2-3EFA-4E4B-B1F5-D920CE82E46D} = {96F1D4E9-BDB4-4D54-BAA4-E74A64C59E67}
		{D24247F3-334F-40AD-B8FC-ABA1A832CFF7} = {239FD4C2-3EFA-4E4B-B1F5-D920CE82E46D}
		{1DA73D47-050E-4028-9FF2-436ED5D35F3B} = {239FD4C2-3EFA-4E4B-B1F5-D920CE82E46D}
		{5EDBADC9-D76D-47D1-A3B2-CC677A27CA22} = {A2F79D4C-BA87-4A29-BA35-494A02D6FCBB}
		{B097986C-7EFE-4826-9E10-FFD785A06885} = {5EDBADC9-D76D-47D1-A3B2-CC677A27CA22}
		{573791C2-B2B5-41DC-A4F0-18DC23435D61} = {5EDBADC9-D76D-47D1-A3B2-CC677A27CA22}
		{A1F990A6-524C-4851-A3F8-A56BA1E4A168} = {5EDBADC9-D76D-47D1-A3B2-CC677A27CA22}
		{8B1451AD-ED71-4610-8D24-E51127766CAA} = {5EDBADC9-D76D-47D1-A3B2-CC677A27CA22}
		{1E2B9B12-A3C8-4DBF-8353-9983EA21E1DD} = {ACB93169-328B-4823-9CFC-EF44987D80A4}
		{DB0984E2-E178-4606-B84B-42C9D1CD27C5} = {ACB93169-328B-4823-9CFC-EF44987D80A4}
		{2779B9AC-2B58-4617-B998-BE086939022E} = {ACB93169-328B-4823-9CFC-EF44987D80A4}
		{2AE0E6F1-0A4A-4F2C-BC8A-A9C20220B488} = {2779B9AC-2B58-4617-B998-BE086939022E}
		{EDB3D2CE-DCC4-4746-B99E-D3C059722C64} = {2779B9AC-2B58-4617-B998-BE086939022E}
		{2BFACDC3-F44D-4199-8498-F5C3C4AC0335} = {8AFD878A-9EA5-4477-A0CB-6F339B6D2A95}
		{E461C0A8-8900-485C-B520-E929BA33F712} = {8AFD878A-9EA5-4477-A0CB-6F339B6D2A95}
		{892DC921-AFDF-414F-BB1F-C9B23BDB0209} = {E125DD5B-E3B3-4650-88A2-8B6547D6489B}
		{C5C7408C-BAE5-4699-B32C-041569A0253D} = {E125DD5B-E3B3-4650-88A2-8B6547D6489B}
		{8B1FFEB4-EDC8-4C22-A6CA-6F9418B5E939} = {E125DD5B-E3B3-4650-88A2-8B6547D6489B}
		{E81C6F68-06B2-498D-9A2F-E08253FF3459} = {8B1FFEB4-EDC8-4C22-A6CA-6F9418B5E939}
		{9FDF1B4B-560D-4F7E-8C2B-F661C3A3D829} = {E125DD5B-E3B3-4650-88A2-8B6547D6489B}
		{528EBEA3-601E-46F9-9671-EF9ECC68471F} = {8B1FFEB4-EDC8-4C22-A6CA-6F9418B5E939}
		{845C0939-C88A-4027-81F2-26C99B80CAB0} = {29A8D096-36B5-4ECF-8506-C26AE141D493}
		{BC9AA7D0-4757-441E-B14B-FFA950428E54} = {845C0939-C88A-4027-81F2-26C99B80CAB0}
		{75D4DADF-744A-489F-AF84-12E85A60EAB4} = {845C0939-C88A-4027-81F2-26C99B80CAB0}
		{D614FA80-D264-4E2D-B07B-9515A14F9D1E} = {845C0939-C88A-4027-81F2-26C99B80CAB0}
		{D64A09A1-E471-4D86-BFD6-F43B6C77D6A9} = {29A8D096-36B5-4ECF-8506-C26AE141D493}
		{C37AA1A3-DFD1-49C4-A9A5-2B9B5F4BE33D} = {D64A09A1-E471-4D86-BFD6-F43B6C77D6A9}
		{0C35E5AA-1AF2-4CC2-9FAB-EB85C6747A2E} = {1DCB86F6-776E-43C2-A3F3-D211CCFAFCC6}
		{76E566B3-D454-470E-A23D-534E803CFAB1} = {DFF3FD32-7BD4-4C79-BC21-7ABACB896606}
		{88731F8F-3518-4E4E-AB4A-82C28ADCA51C} = {726E7FBE-CA8B-4168-B0E9-8D8B6153A04A}
		{DC4813A5-97B2-4FAC-9F90-F02F3B94CCF5} = {CF5B4515-15F6-41A3-B4CF-B984886B4BF4}
		{A9EBA5DD-872D-4443-AFB0-8935706C00AA} = {CF5B4515-15F6-41A3-B4CF-B984886B4BF4}
		{0B8BAC71-6665-4ED9-99D8-C042208523C6} = {CF5B4515-15F6-41A3-B4CF-B984886B4BF4}
		{3E2B6966-C579-4CFC-910B-3543BF120FCF} = {1DCB86F6-776E-43C2-A3F3-D211CCFAFCC6}
		{AFE2705E-78D5-42E2-9BE9-185FADDFE88A} = {28514FC7-A864-4A21-A3AD-A304A963A22D}
		{F2BEF24F-32CB-49E0-848D-0A89CB0C4B5E} = {28514FC7-A864-4A21-A3AD-A304A963A22D}
		{4E757D0E-B006-4CF6-A35B-1CD944A346F3} = {28514FC7-A864-4A21-A3AD-A304A963A22D}
		{8863637C-50AA-45CB-8A9D-03CF6E0328F9} = {4E757D0E-B006-4CF6-A35B-1CD944A346F3}
		{EB143A33-DA44-4C78-8F8D-AE55968F19CE} = {4E757D0E-B006-4CF6-A35B-1CD944A346F3}
		{BCE0A141-9952-4A52-A976-83663DDDD39E} = {4E757D0E-B006-4CF6-A35B-1CD944A346F3}
		{79E9586D-3E43-46BF-A5F2-A121207DBC7B} = {4E757D0E-B006-4CF6-A35B-1CD944A346F3}
		{FEFEB3FF-FF38-4116-9ED4-478244F73841} = {4E757D0E-B006-4CF6-A35B-1CD944A346F3}
		{59259BF9-B19D-434C-816E-894EDD7BCBDC} = {4E757D0E-B006-4CF6-A35B-1CD944A346F3}
		{BC10B192-216D-459B-8004-F1D432F89E87} = {D8025300-CBCF-4FA0-BC0B-FC509A55BF9F}
		{780A23C8-2268-4DB4-B5ED-CBEDAD54E617} = {D8025300-CBCF-4FA0-BC0B-FC509A55BF9F}
		{8901B4FC-050F-482F-8353-D4113915A80C} = {780A23C8-2268-4DB4-B5ED-CBEDAD54E617}
		{920A9B07-11E9-48E1-BBFB-0553FCD30215} = {0F9A9F78-60FE-4B03-A29F-33562EFDACA6}
	EndGlobalSection
	GlobalSection(ExtensibilityGlobals) = postSolution
		SolutionGuid = {9359DAC5-F795-40AA-9CEE-813EA798D837}
	EndGlobalSection
EndGlobal
